
Microsoft Visual Studio Solution File, Format Version 12.00
# Visual Studio Version 17
VisualStudioVersion = 17.8.34322.80
MinimumVisualStudioVersion = 10.0.40219.1
Project("{FAE04EC0-301F-11D3-BF4B-00C04F79EFBC}") = "GerenciadorCertificados", "GerenciadorCertificados.csproj", "{DD966889-93F5-40F7-84A6-0ACADD1376BA}"
EndProject
Global
	GlobalSection(SolutionConfigurationPlatforms) = preSolution
		Debug|Any CPU = Debug|Any CPU
		Release|Any CPU = Release|Any CPU
	EndGlobalSection
	GlobalSection(ProjectConfigurationPlatforms) = postSolution
		{DD966889-93F5-40F7-84A6-0ACADD1376BA}.Debug|Any CPU.ActiveCfg = Debug|Any CPU
		{DD966889-93F5-40F7-84A6-0ACADD1376BA}.Debug|Any CPU.Build.0 = Debug|Any CPU
		{DD966889-93F5-40F7-84A6-0ACADD1376BA}.Release|Any CPU.ActiveCfg = Release|Any CPU
		{DD966889-93F5-40F7-84A6-0ACADD1376BA}.Release|Any CPU.Build.0 = Release|Any CPU
	EndGlobalSection
	GlobalSection(SolutionProperties) = preSolution
		HideSolutionNode = FALSE
	EndGlobalSection
	GlobalSection(ExtensibilityGlobals) = postSolution
		SolutionGuid = {D4BC03B0-0EDE-457F-AD27-36905A682BC3}
	EndGlobalSection
EndGlobal
